
Microsoft Visual Studio Solution File, Format Version 12.00
Project("{FAE04EC0-301F-11D3-BF4B-00C04F79EFBC}") = "nanoEditor", "nanoEditor\nanoEditor.csproj", "{364A1693-5281-40C2-8257-ED090207A706}"
EndProject
Project("{FAE04EC0-301F-11D3-BF4B-00C04F79EFBC}") = "nanoRuntime", "nanoRuntime\nanoRuntime.csproj", "{99256054-9CF9-4E40-B40A-D733017985C1}"
EndProject
Global
	GlobalSection(SolutionConfigurationPlatforms) = preSolution
		Debug|Any CPU = Debug|Any CPU
		Release|Any CPU = Release|Any CPU
	EndGlobalSection
	GlobalSection(ProjectConfigurationPlatforms) = postSolution
		{364A1693-5281-40C2-8257-ED090207A706}.Debug|Any CPU.ActiveCfg = Debug|Any CPU
		{364A1693-5281-40C2-8257-ED090207A706}.Debug|Any CPU.Build.0 = Debug|Any CPU
		{364A1693-5281-40C2-8257-ED090207A706}.Release|Any CPU.ActiveCfg = Release|Any CPU
		{364A1693-5281-40C2-8257-ED090207A706}.Release|Any CPU.Build.0 = Release|Any CPU
		{99256054-9CF9-4E40-B40A-D733017985C1}.Debug|Any CPU.ActiveCfg = Debug|Any CPU
		{99256054-9CF9-4E40-B40A-D733017985C1}.Debug|Any CPU.Build.0 = Debug|Any CPU
		{99256054-9CF9-4E40-B40A-D733017985C1}.Release|Any CPU.ActiveCfg = Release|Any CPU
		{99256054-9CF9-4E40-B40A-D733017985C1}.Release|Any CPU.Build.0 = Release|Any CPU
	EndGlobalSection
EndGlobal
